
Microsoft Visual Studio Solution File, Format Version 12.00
# Visual Studio Version 18
VisualStudioVersion = 18.1.11312.151 d18.0
MinimumVisualStudioVersion = 10.0.40219.1
Project("{9A19103F-16F7-4668-BE54-9A1E7A4F7556}") = "TqkLibrary.WinApi", "TqkLibrary.WinApi\TqkLibrary.WinApi.csproj", "{E8EB444E-3C07-4CF2-9B01-D2C32FA6D3E3}"
EndProject
Project("{9A19103F-16F7-4668-BE54-9A1E7A4F7556}") = "TqkLibrary.WinApi.Test", "TqkLibrary.WinApi.Test\TqkLibrary.WinApi.Test.csproj", "{1DB1B26B-C2FC-450E-BEDC-15A4AB401DC6}"
EndProject
Project("{9A19103F-16F7-4668-BE54-9A1E7A4F7556}") = "TqkLibrary.WinApi.ConsoleTest", "TqkLibrary.WinApi.ConsoleTest\TqkLibrary.WinApi.ConsoleTest.csproj", "{B29D4E31-DBC0-4DD1-BE78-1C2B51DE8F2A}"
EndProject
Project("{FAE04EC0-301F-11D3-BF4B-00C04F79EFBC}") = "WpfTest", "WpfTest\WpfTest.csproj", "{9AC30C7E-7563-4777-B842-60311A27C861}"
EndProject
Global
	GlobalSection(SolutionConfigurationPlatforms) = preSolution
		Debug|Any CPU = Debug|Any CPU
		Debug|x64 = Debug|x64
		Debug|x86 = Debug|x86
		Release|Any CPU = Release|Any CPU
		Release|x64 = Release|x64
		Release|x86 = Release|x86
		RemoteDebug|Any CPU = RemoteDebug|Any CPU
		RemoteDebug|x64 = RemoteDebug|x64
		RemoteDebug|x86 = RemoteDebug|x86
	EndGlobalSection
	GlobalSection(ProjectConfigurationPlatforms) = postSolution
		{E8EB444E-3C07-4CF2-9B01-D2C32FA6D3E3}.Debug|Any CPU.ActiveCfg = Debug|Any CPU
		{E8EB444E-3C07-4CF2-9B01-D2C32FA6D3E3}.Debug|Any CPU.Build.0 = Debug|Any CPU
		{E8EB444E-3C07-4CF2-9B01-D2C32FA6D3E3}.Debug|x64.ActiveCfg = Debug|Any CPU
		{E8EB444E-3C07-4CF2-9B01-D2C32FA6D3E3}.Debug|x64.Build.0 = Debug|Any CPU
		{E8EB444E-3C07-4CF2-9B01-D2C32FA6D3E3}.Debug|x86.ActiveCfg = Debug|Any CPU
		{E8EB444E-3C07-4CF2-9B01-D2C32FA6D3E3}.Debug|x86.Build.0 = Debug|Any CPU
		{E8EB444E-3C07-4CF2-9B01-D2C32FA6D3E3}.Release|Any CPU.ActiveCfg = Release|Any CPU
		{E8EB444E-3C07-4CF2-9B01-D2C32FA6D3E3}.Release|Any CPU.Build.0 = Release|Any CPU
		{E8EB444E-3C07-4CF2-9B01-D2C32FA6D3E3}.Release|x64.ActiveCfg = Release|Any CPU
		{E8EB444E-3C07-4CF2-9B01-D2C32FA6D3E3}.Release|x64.Build.0 = Release|Any CPU
		{E8EB444E-3C07-4CF2-9B01-D2C32FA6D3E3}.Release|x86.ActiveCfg = Release|Any CPU
		{E8EB444E-3C07-4CF2-9B01-D2C32FA6D3E3}.Release|x86.Build.0 = Release|Any CPU
		{E8EB444E-3C07-4CF2-9B01-D2C32FA6D3E3}.RemoteDebug|Any CPU.ActiveCfg = Debug|Any CPU
		{E8EB444E-3C07-4CF2-9B01-D2C32FA6D3E3}.RemoteDebug|Any CPU.Build.0 = Debug|Any CPU
		{E8EB444E-3C07-4CF2-9B01-D2C32FA6D3E3}.RemoteDebug|x64.ActiveCfg = Debug|x64
		{E8EB444E-3C07-4CF2-9B01-D2C32FA6D3E3}.RemoteDebug|x64.Build.0 = Debug|x64
		{E8EB444E-3C07-4CF2-9B01-D2C32FA6D3E3}.RemoteDebug|x86.ActiveCfg = Debug|x86
		{E8EB444E-3C07-4CF2-9B01-D2C32FA6D3E3}.RemoteDebug|x86.Build.0 = Debug|x86
		{1DB1B26B-C2FC-450E-BEDC-15A4AB401DC6}.Debug|Any CPU.ActiveCfg = Debug|Any CPU
		{1DB1B26B-C2FC-450E-BEDC-15A4AB401DC6}.Debug|Any CPU.Build.0 = Debug|Any CPU
		{1DB1B26B-C2FC-450E-BEDC-15A4AB401DC6}.Debug|x64.ActiveCfg = Debug|Any CPU
		{1DB1B26B-C2FC-450E-BEDC-15A4AB401DC6}.Debug|x64.Build.0 = Debug|Any CPU
		{1DB1B26B-C2FC-450E-BEDC-15A4AB401DC6}.Debug|x86.ActiveCfg = Debug|Any CPU
		{1DB1B26B-C2FC-450E-BEDC-15A4AB401DC6}.Debug|x86.Build.0 = Debug|Any CPU
		{1DB1B26B-C2FC-450E-BEDC-15A4AB401DC6}.Release|Any CPU.ActiveCfg = Release|Any CPU
		{1DB1B26B-C2FC-450E-BEDC-15A4AB401DC6}.Release|Any CPU.Build.0 = Release|Any CPU
		{1DB1B26B-C2FC-450E-BEDC-15A4AB401DC6}.Release|x64.ActiveCfg = Release|Any CPU
		{1DB1B26B-C2FC-450E-BEDC-15A4AB401DC6}.Release|x64.Build.0 = Release|Any CPU
		{1DB1B26B-C2FC-450E-BEDC-15A4AB401DC6}.Release|x86.ActiveCfg = Release|Any CPU
		{1DB1B26B-C2FC-450E-BEDC-15A4AB401DC6}.Release|x86.Build.0 = Release|Any CPU
		{1DB1B26B-C2FC-450E-BEDC-15A4AB401DC6}.RemoteDebug|Any CPU.ActiveCfg = Debug|Any CPU
		{1DB1B26B-C2FC-450E-BEDC-15A4AB401DC6}.RemoteDebug|x64.ActiveCfg = Debug|Any CPU
		{1DB1B26B-C2FC-450E-BEDC-15A4AB401DC6}.RemoteDebug|x86.ActiveCfg = Debug|Any CPU
		{B29D4E31-DBC0-4DD1-BE78-1C2B51DE8F2A}.Debug|Any CPU.ActiveCfg = Debug|Any CPU
		{B29D4E31-DBC0-4DD1-BE78-1C2B51DE8F2A}.Debug|Any CPU.Build.0 = Debug|Any CPU
		{B29D4E31-DBC0-4DD1-BE78-1C2B51DE8F2A}.Debug|x64.ActiveCfg = Debug|Any CPU
		{B29D4E31-DBC0-4DD1-BE78-1C2B51DE8F2A}.Debug|x64.Build.0 = Debug|Any CPU
		{B29D4E31-DBC0-4DD1-BE78-1C2B51DE8F2A}.Debug|x86.ActiveCfg = Debug|Any CPU
		{B29D4E31-DBC0-4DD1-BE78-1C2B51DE8F2A}.Debug|x86.Build.0 = Debug|Any CPU
		{B29D4E31-DBC0-4DD1-BE78-1C2B51DE8F2A}.Release|Any CPU.ActiveCfg = Release|Any CPU
		{B29D4E31-DBC0-4DD1-BE78-1C2B51DE8F2A}.Release|Any CPU.Build.0 = Release|Any CPU
		{B29D4E31-DBC0-4DD1-BE78-1C2B51DE8F2A}.Release|x64.ActiveCfg = Release|Any CPU
		{B29D4E31-DBC0-4DD1-BE78-1C2B51DE8F2A}.Release|x64.Build.0 = Release|Any CPU
		{B29D4E31-DBC0-4DD1-BE78-1C2B51DE8F2A}.Release|x86.ActiveCfg = Release|Any CPU
		{B29D4E31-DBC0-4DD1-BE78-1C2B51DE8F2A}.Release|x86.Build.0 = Release|Any CPU
		{B29D4E31-DBC0-4DD1-BE78-1C2B51DE8F2A}.RemoteDebug|Any CPU.ActiveCfg = RemoteDebug|Any CPU
		{B29D4E31-DBC0-4DD1-BE78-1C2B51DE8F2A}.RemoteDebug|Any CPU.Build.0 = RemoteDebug|Any CPU
		{B29D4E31-DBC0-4DD1-BE78-1C2B51DE8F2A}.RemoteDebug|x64.ActiveCfg = RemoteDebug|x64
		{B29D4E31-DBC0-4DD1-BE78-1C2B51DE8F2A}.RemoteDebug|x64.Build.0 = RemoteDebug|x64
		{B29D4E31-DBC0-4DD1-BE78-1C2B51DE8F2A}.RemoteDebug|x86.ActiveCfg = RemoteDebug|x86
		{B29D4E31-DBC0-4DD1-BE78-1C2B51DE8F2A}.RemoteDebug|x86.Build.0 = RemoteDebug|x86
		{9AC30C7E-7563-4777-B842-60311A27C861}.Debug|Any CPU.ActiveCfg = Debug|Any CPU
		{9AC30C7E-7563-4777-B842-60311A27C861}.Debug|Any CPU.Build.0 = Debug|Any CPU
		{9AC30C7E-7563-4777-B842-60311A27C861}.Debug|x64.ActiveCfg = Debug|Any CPU
		{9AC30C7E-7563-4777-B842-60311A27C861}.Debug|x64.Build.0 = Debug|Any CPU
		{9AC30C7E-7563-4777-B842-60311A27C861}.Debug|x86.ActiveCfg = Debug|Any CPU
		{9AC30C7E-7563-4777-B842-60311A27C861}.Debug|x86.Build.0 = Debug|Any CPU
		{9AC30C7E-7563-4777-B842-60311A27C861}.Release|Any CPU.ActiveCfg = Release|Any CPU
		{9AC30C7E-7563-4777-B842-60311A27C861}.Release|Any CPU.Build.0 = Release|Any CPU
		{9AC30C7E-7563-4777-B842-60311A27C861}.Release|x64.ActiveCfg = Release|Any CPU
		{9AC30C7E-7563-4777-B842-60311A27C861}.Release|x64.Build.0 = Release|Any CPU
		{9AC30C7E-7563-4777-B842-60311A27C861}.Release|x86.ActiveCfg = Release|Any CPU
		{9AC30C7E-7563-4777-B842-60311A27C861}.Release|x86.Build.0 = Release|Any CPU
		{9AC30C7E-7563-4777-B842-60311A27C861}.RemoteDebug|Any CPU.ActiveCfg = Debug|Any CPU
		{9AC30C7E-7563-4777-B842-60311A27C861}.RemoteDebug|Any CPU.Build.0 = Debug|Any CPU
		{9AC30C7E-7563-4777-B842-60311A27C861}.RemoteDebug|x64.ActiveCfg = Debug|Any CPU
		{9AC30C7E-7563-4777-B842-60311A27C861}.RemoteDebug|x64.Build.0 = Debug|Any CPU
		{9AC30C7E-7563-4777-B842-60311A27C861}.RemoteDebug|x86.ActiveCfg = Debug|Any CPU
		{9AC30C7E-7563-4777-B842-60311A27C861}.RemoteDebug|x86.Build.0 = Debug|Any CPU
	EndGlobalSection
	GlobalSection(SolutionProperties) = preSolution
		HideSolutionNode = FALSE
	EndGlobalSection
	GlobalSection(ExtensibilityGlobals) = postSolution
		SolutionGuid = {7D3766DB-62F4-4468-B27B-C73538BB7498}
	EndGlobalSection
EndGlobal
